PODS:
  - SocialSwiftEngineDemo (1.0.2)

DEPENDENCIES:
  - SocialSwiftEngineDemo (from `../`)

EXTERNAL SOURCES:
  SocialSwiftEngineDemo:
    :path: "../"

SPEC CHECKSUMS:
  SocialSwiftEngineDemo: 102ad5e0ced454860128fa3a6a671c23694c4ca9

PODFILE CHECKSUM: f4e93df30d2bcb1867604201a82d08f329175f9c

COCOAPODS: 1.11.3
